<?xml version="1.0" encoding="UTF-8" standalone="yes" ?>
<CodeBlocks_project_file>
	<FileVersion major="1" minor="6" />
	<Project>
		<Option title="Flat_World" />
		<Option pch_mode="2" />
		<Option compiler="gcc" />
		<Build>
			<Target title="Debug">
				<Option output="bin\Debug\Flat_World" prefix_auto="1" extension_auto="1" />
				<Option working_dir="bin\Debug\" />
				<Option object_output="obj\Debug\" />
				<Option type="1" />
				<Option compiler="gcc" />
				<Compiler>
					<Add option="-g" />
					<Add option="-DSFML_DYNAMIC" />
				</Compiler>
				<Linker>
					<Add option="-lsfml-graphics-d" />
					<Add option="-lsfml-window-d" />
					<Add option="-lsfml-system-d" />
				</Linker>
				<ExtraCommands>
					<Add after="xcopy libs\debug bin\Debug /E /I /Y" />
					<Add after="xcopy media bin\Debug\media /E /I /Y" />
					<Add after="xcopy configuration bin\Debug\configuration /E /I /Y" />
				</ExtraCommands>
			</Target>
			<Target title="Release">
				<Option output="bin\Release\Flat_World" prefix_auto="1" extension_auto="1" />
				<Option working_dir="bin\Release\" />
				<Option object_output="obj\Release\" />
				<Option type="1" />
				<Option compiler="gcc" />
				<Compiler>
					<Add option="-O2" />
					<Add option="-DSFML_DYNAMIC" />
				</Compiler>
				<Linker>
					<Add option="-s" />
					<Add option="-lsfml-graphics" />
					<Add option="-lsfml-window" />
					<Add option="-lsfml-system" />
				</Linker>
				<ExtraCommands>
					<Add after="xcopy libs\release bin\Release /E /I /Y" />
					<Add after="xcopy media bin\Release\media /E /I /Y" />
					<Add after="xcopy configuration bin\Release\configuration /E /I /Y" />
				</ExtraCommands>
			</Target>
		</Build>
		<Compiler>
			<Add option="-Wall" />
			<Add option="-fexceptions" />
		</Compiler>
		<Unit filename="actors\ActorStates.cpp" />
		<Unit filename="actors\ActorStates.hpp" />
		<Unit filename="actors\Character.cpp" />
		<Unit filename="actors\Character.hpp" />
		<Unit filename="actors\Dog.cpp" />
		<Unit filename="actors\Dog.hpp" />
		<Unit filename="actors\Player.cpp" />
		<Unit filename="actors\Player.hpp" />
		<Unit filename="actors\Sheep.cpp" />
		<Unit filename="actors\Sheep.hpp" />
		<Unit filename="configuration\levels\level_1.xml" />
		<Unit filename="environment\Island.cpp" />
		<Unit filename="environment\Island.hpp" />
		<Unit filename="gameIO\ContentManager.cpp" />
		<Unit filename="gameIO\ContentManager.hpp" />
		<Unit filename="gameIO\LevelLoader.cpp" />
		<Unit filename="gameIO\LevelLoader.hpp" />
		<Unit filename="game\GameObject.cpp" />
		<Unit filename="game\GameObject.hpp" />
		<Unit filename="game\ID.hpp" />
		<Unit filename="game\World.cpp" />
		<Unit filename="game\World.hpp" />
		<Unit filename="libs\debug\sfml-system-d.dll">
			<Option target="Debug" />
		</Unit>
		<Unit filename="libs\debug\sfml-window-d.dll">
			<Option target="Debug" />
		</Unit>
		<Unit filename="main.cpp" />
		<Unit filename="media\textures\Key.png" />
		<Unit filename="scene\Camera.cpp" />
		<Unit filename="scene\Camera.hpp" />
		<Unit filename="scene\ManualCamera.cpp" />
		<Unit filename="scene\ManualCamera.hpp" />
		<Unit filename="scene\SteadyCamera.cpp" />
		<Unit filename="scene\SteadyCamera.hpp" />
		<Unit filename="tinyxml\tinystr.cpp" />
		<Unit filename="tinyxml\tinystr.h" />
		<Unit filename="tinyxml\tinyxml.cpp" />
		<Unit filename="tinyxml\tinyxml.h" />
		<Unit filename="tinyxml\tinyxmlerror.cpp" />
		<Unit filename="tinyxml\tinyxmlparser.cpp" />
		<Unit filename="util\AnimatedSprite.cpp" />
		<Unit filename="util\AnimatedSprite.hpp" />
		<Unit filename="util\CoordinateUtil.cpp" />
		<Unit filename="util\CoordinateUtil.hpp" />
		<Unit filename="util\NumberUtil.cpp" />
		<Unit filename="util\NumberUtil.hpp" />
		<Unit filename="util\SpriteUtil.cpp" />
		<Unit filename="util\SpriteUtil.hpp" />
		<Extensions>
			<code_completion />
			<debugger />
		</Extensions>
	</Project>
</CodeBlocks_project_file>
